// !$*UTF8*$!
{
	archiveVersion = 1;
	classes = {
	};
	objectVersion = 56;
	objects = {

/* Begin PBXBuildFile section */
		BF3FF1522B1C74F7009D75F8 /* undimensionApp.swift in Sources */ = {isa = PBXBuildFile; fileRef = BF3FF1512B1C74F7009D75F8 /* undimensionApp.swift */; };
		BF3FF1562B1C74F8009D75F8 /* Assets.xcassets in Resources */ = {isa = PBXBuildFile; fileRef = BF3FF1552B1C74F8009D75F8 /* Assets.xcassets */; };
		BF3FF1592B1C74F8009D75F8 /* Preview Assets.xcassets in Resources */ = {isa = PBXBuildFile; fileRef = BF3FF1582B1C74F8009D75F8 /* Preview Assets.xcassets */; };
		BF3FF1632B1C74F9009D75F8 /* undimensionTests.swift in Sources */ = {isa = PBXBuildFile; fileRef = BF3FF1622B1C74F9009D75F8 /* undimensionTests.swift */; };
		BF3FF16D2B1C74F9009D75F8 /* undimensionUITests.swift in Sources */ = {isa = PBXBuildFile; fileRef = BF3FF16C2B1C74F9009D75F8 /* undimensionUITests.swift */; };
		BF3FF16F2B1C74F9009D75F8 /* undimensionUITestsLaunchTests.swift in Sources */ = {isa = PBXBuildFile; fileRef = BF3FF16E2B1C74F9009D75F8 /* undimensionUITestsLaunchTests.swift */; };
		BF3FF1832B1C750B009D75F8 /* VideoGenerator.swift in Sources */ = {isa = PBXBuildFile; fileRef = BF3FF17D2B1C750B009D75F8 /* VideoGenerator.swift */; };
		BF3FF1842B1C750B009D75F8 /* AVAssetExtension.swift in Sources */ = {isa = PBXBuildFile; fileRef = BF3FF17F2B1C750B009D75F8 /* AVAssetExtension.swift */; };
		BF3FF1852B1C750B009D75F8 /* ImageExtension.swift in Sources */ = {isa = PBXBuildFile; fileRef = BF3FF1802B1C750B009D75F8 /* ImageExtension.swift */; };
		BF3FF1862B1C750B009D75F8 /* VideoGeneratorError.swift in Sources */ = {isa = PBXBuildFile; fileRef = BF3FF1822B1C750B009D75F8 /* VideoGeneratorError.swift */; };
		BF3FF18A2B1C7523009D75F8 /* FrameCaptureManager.swift in Sources */ = {isa = PBXBuildFile; fileRef = BF3FF1872B1C7523009D75F8 /* FrameCaptureManager.swift */; };
		BF3FF18C2B1C7523009D75F8 /* Balenciaga_Defender.usdz in Resources */ = {isa = PBXBuildFile; fileRef = BF3FF1892B1C7523009D75F8 /* Balenciaga_Defender.usdz */; };
		BF3FF18F2B1C75B5009D75F8 /* Keyframe.swift in Sources */ = {isa = PBXBuildFile; fileRef = BF3FF18E2B1C75B5009D75F8 /* Keyframe.swift */; };
		BF3FF1912B1C75DC009D75F8 /* Animation.swift in Sources */ = {isa = PBXBuildFile; fileRef = BF3FF1902B1C75DC009D75F8 /* Animation.swift */; };
		BF3FF1942B1C761A009D75F8 /* Animator.swift in Sources */ = {isa = PBXBuildFile; fileRef = BF3FF1932B1C761A009D75F8 /* Animator.swift */; };
		BF3FF1962B1C7680009D75F8 /* SceneHolder.swift in Sources */ = {isa = PBXBuildFile; fileRef = BF3FF1952B1C7680009D75F8 /* SceneHolder.swift */; };
		BF3FF1992B1C76B6009D75F8 /* SceneKitView.swift in Sources */ = {isa = PBXBuildFile; fileRef = BF3FF1982B1C76B6009D75F8 /* SceneKitView.swift */; };
		BF3FF19F2B1C7849009D75F8 /* ContentView.swift in Sources */ = {isa = PBXBuildFile; fileRef = BF3FF19E2B1C7849009D75F8 /* ContentView.swift */; };
/* End PBXBuildFile section */

/* Begin PBXContainerItemProxy section */
		BF3FF15F2B1C74F9009D75F8 /* PBXContainerItemProxy */ = {
			isa = PBXContainerItemProxy;
			containerPortal = BF3FF1462B1C74F7009D75F8 /* Project object */;
			proxyType = 1;
			remoteGlobalIDString = BF3FF14D2B1C74F7009D75F8;
			remoteInfo = undimension;
		};
		BF3FF1692B1C74F9009D75F8 /* PBXContainerItemProxy */ = {
			isa = PBXContainerItemProxy;
			containerPortal = BF3FF1462B1C74F7009D75F8 /* Project object */;
			proxyType = 1;
			remoteGlobalIDString = BF3FF14D2B1C74F7009D75F8;
			remoteInfo = undimension;
		};
/* End PBXContainerItemProxy section */

/* Begin PBXFileReference section */
		BF3FF14E2B1C74F7009D75F8 /* undimension.app */ = {isa = PBXFileReference; explicitFileType = wrapper.application; includeInIndex = 0; path = undimension.app; sourceTree = BUILT_PRODUCTS_DIR; };
		BF3FF1512B1C74F7009D75F8 /* undimensionApp.swift */ = {isa = PBXFileReference; lastKnownFileType = sourcecode.swift; path = undimensionApp.swift; sourceTree = "<group>"; };
		BF3FF1552B1C74F8009D75F8 /* Assets.xcassets */ = {isa = PBXFileReference; lastKnownFileType = folder.assetcatalog; path = Assets.xcassets; sourceTree = "<group>"; };
		BF3FF1582B1C74F8009D75F8 /* Preview Assets.xcassets */ = {isa = PBXFileReference; lastKnownFileType = folder.assetcatalog; path = "Preview Assets.xcassets"; sourceTree = "<group>"; };
		BF3FF15E2B1C74F9009D75F8 /* undimensionTests.xctest */ = {isa = PBXFileReference; explicitFileType = wrapper.cfbundle; includeInIndex = 0; path = undimensionTests.xctest; sourceTree = BUILT_PRODUCTS_DIR; };
		BF3FF1622B1C74F9009D75F8 /* undimensionTests.swift */ = {isa = PBXFileReference; lastKnownFileType = sourcecode.swift; path = undimensionTests.swift; sourceTree = "<group>"; };
		BF3FF1682B1C74F9009D75F8 /* undimensionUITests.xctest */ = {isa = PBXFileReference; explicitFileType = wrapper.cfbundle; includeInIndex = 0; path = undimensionUITests.xctest; sourceTree = BUILT_PRODUCTS_DIR; };
		BF3FF16C2B1C74F9009D75F8 /* undimensionUITests.swift */ = {isa = PBXFileReference; lastKnownFileType = sourcecode.swift; path = undimensionUITests.swift; sourceTree = "<group>"; };
		BF3FF16E2B1C74F9009D75F8 /* undimensionUITestsLaunchTests.swift */ = {isa = PBXFileReference; lastKnownFileType = sourcecode.swift; path = undimensionUITestsLaunchTests.swift; sourceTree = "<group>"; };
		BF3FF17D2B1C750B009D75F8 /* VideoGenerator.swift */ = {isa = PBXFileReference; fileEncoding = 4; lastKnownFileType = sourcecode.swift; path = VideoGenerator.swift; sourceTree = "<group>"; };
		BF3FF17F2B1C750B009D75F8 /* AVAssetExtension.swift */ = {isa = PBXFileReference; fileEncoding = 4; lastKnownFileType = sourcecode.swift; path = AVAssetExtension.swift; sourceTree = "<group>"; };
		BF3FF1802B1C750B009D75F8 /* ImageExtension.swift */ = {isa = PBXFileReference; fileEncoding = 4; lastKnownFileType = sourcecode.swift; path = ImageExtension.swift; sourceTree = "<group>"; };
		BF3FF1822B1C750B009D75F8 /* VideoGeneratorError.swift */ = {isa = PBXFileReference; fileEncoding = 4; lastKnownFileType = sourcecode.swift; path = VideoGeneratorError.swift; sourceTree = "<group>"; };
		BF3FF1872B1C7523009D75F8 /* FrameCaptureManager.swift */ = {isa = PBXFileReference; fileEncoding = 4; lastKnownFileType = sourcecode.swift; path = FrameCaptureManager.swift; sourceTree = "<group>"; };
		BF3FF1892B1C7523009D75F8 /* Balenciaga_Defender.usdz */ = {isa = PBXFileReference; lastKnownFileType = file.usdz; path = Balenciaga_Defender.usdz; sourceTree = "<group>"; };
		BF3FF18E2B1C75B5009D75F8 /* Keyframe.swift */ = {isa = PBXFileReference; lastKnownFileType = sourcecode.swift; path = Keyframe.swift; sourceTree = "<group>"; };
		BF3FF1902B1C75DC009D75F8 /* Animation.swift */ = {isa = PBXFileReference; lastKnownFileType = sourcecode.swift; path = Animation.swift; sourceTree = "<group>"; };
		BF3FF1932B1C761A009D75F8 /* Animator.swift */ = {isa = PBXFileReference; lastKnownFileType = sourcecode.swift; path = Animator.swift; sourceTree = "<group>"; };
		BF3FF1952B1C7680009D75F8 /* SceneHolder.swift */ = {isa = PBXFileReference; lastKnownFileType = sourcecode.swift; path = SceneHolder.swift; sourceTree = "<group>"; };
		BF3FF1982B1C76B6009D75F8 /* SceneKitView.swift */ = {isa = PBXFileReference; lastKnownFileType = sourcecode.swift; path = SceneKitView.swift; sourceTree = "<group>"; };
		BF3FF19E2B1C7849009D75F8 /* ContentView.swift */ = {isa = PBXFileReference; lastKnownFileType = sourcecode.swift; path = ContentView.swift; sourceTree = "<group>"; };
/* End PBXFileReference section */

/* Begin PBXFrameworksBuildPhase section */
		BF3FF14B2B1C74F7009D75F8 /* Frameworks */ = {
			isa = PBXFrameworksBuildPhase;
			buildActionMask = 2147483647;
			files = (
			);
			runOnlyForDeploymentPostprocessing = 0;
		};
		BF3FF15B2B1C74F9009D75F8 /* Frameworks */ = {
			isa = PBXFrameworksBuildPhase;
			buildActionMask = 2147483647;
			files = (
			);
			runOnlyForDeploymentPostprocessing = 0;
		};
		BF3FF1652B1C74F9009D75F8 /* Frameworks */ = {
			isa = PBXFrameworksBuildPhase;
			buildActionMask = 2147483647;
			files = (
			);
			runOnlyForDeploymentPostprocessing = 0;
		};
/* End PBXFrameworksBuildPhase section */

/* Begin PBXGroup section */
		BF3FF1452B1C74F7009D75F8 = {
			isa = PBXGroup;
			children = (
				BF3FF1502B1C74F7009D75F8 /* undimension */,
				BF3FF1612B1C74F9009D75F8 /* undimensionTests */,
				BF3FF16B2B1C74F9009D75F8 /* undimensionUITests */,
				BF3FF14F2B1C74F7009D75F8 /* Products */,
			);
			sourceTree = "<group>";
		};
		BF3FF14F2B1C74F7009D75F8 /* Products */ = {
			isa = PBXGroup;
			children = (
				BF3FF14E2B1C74F7009D75F8 /* undimension.app */,
				BF3FF15E2B1C74F9009D75F8 /* undimensionTests.xctest */,
				BF3FF1682B1C74F9009D75F8 /* undimensionUITests.xctest */,
			);
			name = Products;
			sourceTree = "<group>";
		};
		BF3FF1502B1C74F7009D75F8 /* undimension */ = {
			isa = PBXGroup;
			children = (
				BF3FF1922B1C7600009D75F8 /* components */,
				BF3FF18D2B1C758B009D75F8 /* model */,
				BF3FF17B2B1C750B009D75F8 /* SwiftVideoGenerator */,
				BF3FF1512B1C74F7009D75F8 /* undimensionApp.swift */,
				BF3FF1972B1C76A7009D75F8 /* view */,
				BF3FF1892B1C7523009D75F8 /* Balenciaga_Defender.usdz */,
				BF3FF19E2B1C7849009D75F8 /* ContentView.swift */,
				BF3FF1872B1C7523009D75F8 /* FrameCaptureManager.swift */,
				BF3FF1552B1C74F8009D75F8 /* Assets.xcassets */,
				BF3FF1572B1C74F8009D75F8 /* Preview Content */,
			);
			path = undimension;
			sourceTree = "<group>";
		};
		BF3FF1572B1C74F8009D75F8 /* Preview Content */ = {
			isa = PBXGroup;
			children = (
				BF3FF1582B1C74F8009D75F8 /* Preview Assets.xcassets */,
			);
			path = "Preview Content";
			sourceTree = "<group>";
		};
		BF3FF1612B1C74F9009D75F8 /* undimensionTests */ = {
			isa = PBXGroup;
			children = (
				BF3FF1622B1C74F9009D75F8 /* undimensionTests.swift */,
			);
			path = undimensionTests;
			sourceTree = "<group>";
		};
		BF3FF16B2B1C74F9009D75F8 /* undimensionUITests */ = {
			isa = PBXGroup;
			children = (
				BF3FF16C2B1C74F9009D75F8 /* undimensionUITests.swift */,
				BF3FF16E2B1C74F9009D75F8 /* undimensionUITestsLaunchTests.swift */,
			);
			path = undimensionUITests;
			sourceTree = "<group>";
		};
		BF3FF17B2B1C750B009D75F8 /* SwiftVideoGenerator */ = {
			isa = PBXGroup;
			children = (
				BF3FF17C2B1C750B009D75F8 /* Classes */,
			);
			path = SwiftVideoGenerator;
			sourceTree = "<group>";
		};
		BF3FF17C2B1C750B009D75F8 /* Classes */ = {
			isa = PBXGroup;
			children = (
				BF3FF17D2B1C750B009D75F8 /* VideoGenerator.swift */,
				BF3FF17E2B1C750B009D75F8 /* Extensions */,
				BF3FF1812B1C750B009D75F8 /* Error */,
			);
			path = Classes;
			sourceTree = "<group>";
		};
		BF3FF17E2B1C750B009D75F8 /* Extensions */ = {
			isa = PBXGroup;
			children = (
				BF3FF17F2B1C750B009D75F8 /* AVAssetExtension.swift */,
				BF3FF1802B1C750B009D75F8 /* ImageExtension.swift */,
			);
			path = Extensions;
			sourceTree = "<group>";
		};
		BF3FF1812B1C750B009D75F8 /* Error */ = {
			isa = PBXGroup;
			children = (
				BF3FF1822B1C750B009D75F8 /* VideoGeneratorError.swift */,
			);
			path = Error;
			sourceTree = "<group>";
		};
		BF3FF18D2B1C758B009D75F8 /* model */ = {
			isa = PBXGroup;
			children = (
				BF3FF18E2B1C75B5009D75F8 /* Keyframe.swift */,
				BF3FF1902B1C75DC009D75F8 /* Animation.swift */,
			);
			path = model;
			sourceTree = "<group>";
		};
		BF3FF1922B1C7600009D75F8 /* components */ = {
			isa = PBXGroup;
			children = (
				BF3FF1932B1C761A009D75F8 /* Animator.swift */,
				BF3FF1952B1C7680009D75F8 /* SceneHolder.swift */,
			);
			path = components;
			sourceTree = "<group>";
		};
		BF3FF1972B1C76A7009D75F8 /* view */ = {
			isa = PBXGroup;
			children = (
				BF3FF1982B1C76B6009D75F8 /* SceneKitView.swift */,
			);
			path = view;
			sourceTree = "<group>";
		};
/* End PBXGroup section */

/* Begin PBXNativeTarget section */
		BF3FF14D2B1C74F7009D75F8 /* undimension */ = {
			isa = PBXNativeTarget;
			buildConfigurationList = BF3FF1722B1C74F9009D75F8 /* Build configuration list for PBXNativeTarget "undimension" */;
			buildPhases = (
				BF3FF14A2B1C74F7009D75F8 /* Sources */,
				BF3FF14B2B1C74F7009D75F8 /* Frameworks */,
				BF3FF14C2B1C74F7009D75F8 /* Resources */,
			);
			buildRules = (
			);
			dependencies = (
			);
			name = undimension;
			productName = undimension;
			productReference = BF3FF14E2B1C74F7009D75F8 /* undimension.app */;
			productType = "com.apple.product-type.application";
		};
		BF3FF15D2B1C74F9009D75F8 /* undimensionTests */ = {
			isa = PBXNativeTarget;
			buildConfigurationList = BF3FF1752B1C74F9009D75F8 /* Build configuration list for PBXNativeTarget "undimensionTests" */;
			buildPhases = (
				BF3FF15A2B1C74F9009D75F8 /* Sources */,
				BF3FF15B2B1C74F9009D75F8 /* Frameworks */,
				BF3FF15C2B1C74F9009D75F8 /* Resources */,
			);
			buildRules = (
			);
			dependencies = (
				BF3FF1602B1C74F9009D75F8 /* PBXTargetDependency */,
			);
			name = undimensionTests;
			productName = undimensionTests;
			productReference = BF3FF15E2B1C74F9009D75F8 /* undimensionTests.xctest */;
			productType = "com.apple.product-type.bundle.unit-test";
		};
		BF3FF1672B1C74F9009D75F8 /* undimensionUITests */ = {
			isa = PBXNativeTarget;
			buildConfigurationList = BF3FF1782B1C74F9009D75F8 /* Build configuration list for PBXNativeTarget "undimensionUITests" */;
			buildPhases = (
				BF3FF1642B1C74F9009D75F8 /* Sources */,
				BF3FF1652B1C74F9009D75F8 /* Frameworks */,
				BF3FF1662B1C74F9009D75F8 /* Resources */,
			);
			buildRules = (
			);
			dependencies = (
				BF3FF16A2B1C74F9009D75F8 /* PBXTargetDependency */,
			);
			name = undimensionUITests;
			productName = undimensionUITests;
			productReference = BF3FF1682B1C74F9009D75F8 /* undimensionUITests.xctest */;
			productType = "com.apple.product-type.bundle.ui-testing";
		};
/* End PBXNativeTarget section */

/* Begin PBXProject section */
		BF3FF1462B1C74F7009D75F8 /* Project object */ = {
			isa = PBXProject;
			attributes = {
				BuildIndependentTargetsInParallel = 1;
				LastSwiftUpdateCheck = 1500;
				LastUpgradeCheck = 1500;
				TargetAttributes = {
					BF3FF14D2B1C74F7009D75F8 = {
						CreatedOnToolsVersion = 15.0;
					};
					BF3FF15D2B1C74F9009D75F8 = {
						CreatedOnToolsVersion = 15.0;
						TestTargetID = BF3FF14D2B1C74F7009D75F8;
					};
					BF3FF1672B1C74F9009D75F8 = {
						CreatedOnToolsVersion = 15.0;
						TestTargetID = BF3FF14D2B1C74F7009D75F8;
					};
				};
			};
			buildConfigurationList = BF3FF1492B1C74F7009D75F8 /* Build configuration list for PBXProject "undimension" */;
			compatibilityVersion = "Xcode 14.0";
			developmentRegion = en;
			hasScannedForEncodings = 0;
			knownRegions = (
				en,
				Base,
			);
			mainGroup = BF3FF1452B1C74F7009D75F8;
			productRefGroup = BF3FF14F2B1C74F7009D75F8 /* Products */;
			projectDirPath = "";
			projectRoot = "";
			targets = (
				BF3FF14D2B1C74F7009D75F8 /* undimension */,
				BF3FF15D2B1C74F9009D75F8 /* undimensionTests */,
				BF3FF1672B1C74F9009D75F8 /* undimensionUITests */,
			);
		};
/* End PBXProject section */

/* Begin PBXResourcesBuildPhase section */
		BF3FF14C2B1C74F7009D75F8 /* Resources */ = {
			isa = PBXResourcesBuildPhase;
			buildActionMask = 2147483647;
			files = (
				BF3FF1592B1C74F8009D75F8 /* Preview Assets.xcassets in Resources */,
				BF3FF18C2B1C7523009D75F8 /* Balenciaga_Defender.usdz in Resources */,
				BF3FF1562B1C74F8009D75F8 /* Assets.xcassets in Resources */,
			);
			runOnlyForDeploymentPostprocessing = 0;
		};
		BF3FF15C2B1C74F9009D75F8 /* Resources */ = {
			isa = PBXResourcesBuildPhase;
			buildActionMask = 2147483647;
			files = (
			);
			runOnlyForDeploymentPostprocessing = 0;
		};
		BF3FF1662B1C74F9009D75F8 /* Resources */ = {
			isa = PBXResourcesBuildPhase;
			buildActionMask = 2147483647;
			files = (
			);
			runOnlyForDeploymentPostprocessing = 0;
		};
/* End PBXResourcesBuildPhase section */

/* Begin PBXSourcesBuildPhase section */
		BF3FF14A2B1C74F7009D75F8 /* Sources */ = {
			isa = PBXSourcesBuildPhase;
			buildActionMask = 2147483647;
			files = (
				BF3FF1942B1C761A009D75F8 /* Animator.swift in Sources */,
				BF3FF1862B1C750B009D75F8 /* VideoGeneratorError.swift in Sources */,
				BF3FF1992B1C76B6009D75F8 /* SceneKitView.swift in Sources */,
				BF3FF1962B1C7680009D75F8 /* SceneHolder.swift in Sources */,
				BF3FF1832B1C750B009D75F8 /* VideoGenerator.swift in Sources */,
				BF3FF1842B1C750B009D75F8 /* AVAssetExtension.swift in Sources */,
				BF3FF1852B1C750B009D75F8 /* ImageExtension.swift in Sources */,
				BF3FF18F2B1C75B5009D75F8 /* Keyframe.swift in Sources */,
				BF3FF18A2B1C7523009D75F8 /* FrameCaptureManager.swift in Sources */,
				BF3FF19F2B1C7849009D75F8 /* ContentView.swift in Sources */,
				BF3FF1912B1C75DC009D75F8 /* Animation.swift in Sources */,
				BF3FF1522B1C74F7009D75F8 /* undimensionApp.swift in Sources */,
			);
			runOnlyForDeploymentPostprocessing = 0;
		};
		BF3FF15A2B1C74F9009D75F8 /* Sources */ = {
			isa = PBXSourcesBuildPhase;
			buildActionMask = 2147483647;
			files = (
				BF3FF1632B1C74F9009D75F8 /* undimensionTests.swift in Sources */,
			);
			runOnlyForDeploymentPostprocessing = 0;
		};
		BF3FF1642B1C74F9009D75F8 /* Sources */ = {
			isa = PBXSourcesBuildPhase;
			buildActionMask = 2147483647;
			files = (
				BF3FF16F2B1C74F9009D75F8 /* undimensionUITestsLaunchTests.swift in Sources */,
				BF3FF16D2B1C74F9009D75F8 /* undimensionUITests.swift in Sources */,
			);
			runOnlyForDeploymentPostprocessing = 0;
		};
/* End PBXSourcesBuildPhase section */

/* Begin PBXTargetDependency section */
		BF3FF1602B1C74F9009D75F8 /* PBXTargetDependency */ = {
			isa = PBXTargetDependency;
			target = BF3FF14D2B1C74F7009D75F8 /* undimension */;
			targetProxy = BF3FF15F2B1C74F9009D75F8 /* PBXContainerItemProxy */;
		};
		BF3FF16A2B1C74F9009D75F8 /* PBXTargetDependency */ = {
			isa = PBXTargetDependency;
			target = BF3FF14D2B1C74F7009D75F8 /* undimension */;
			targetProxy = BF3FF1692B1C74F9009D75F8 /* PBXContainerItemProxy */;
		};
/* End PBXTargetDependency section */

/* Begin XCBuildConfiguration section */
		BF3FF1702B1C74F9009D75F8 /* Debug */ = {
			isa = XCBuildConfiguration;
			buildSettings = {
				ALWAYS_SEARCH_USER_PATHS = NO;
				ASSETCATALOG_COMPILER_GENERATE_SWIFT_ASSET_SYMBOL_EXTENSIONS = YES;
				CLANG_ANALYZER_NONNULL = YES;
				CLANG_ANALYZER_NUMBER_OBJECT_CONVERSION = YES_AGGRESSIVE;
				CLANG_CXX_LANGUAGE_STANDARD = "gnu++20";
				CLANG_ENABLE_MODULES = YES;
				CLANG_ENABLE_OBJC_ARC = YES;
				CLANG_ENABLE_OBJC_WEAK = YES;
				CLANG_WARN_BLOCK_CAPTURE_AUTORELEASING = YES;
				CLANG_WARN_BOOL_CONVERSION = YES;
				CLANG_WARN_COMMA = YES;
				CLANG_WARN_CONSTANT_CONVERSION = YES;
				CLANG_WARN_DEPRECATED_OBJC_IMPLEMENTATIONS = YES;
				CLANG_WARN_DIRECT_OBJC_ISA_USAGE = YES_ERROR;
				CLANG_WARN_DOCUMENTATION_COMMENTS = YES;
				CLANG_WARN_EMPTY_BODY = YES;
				CLANG_WARN_ENUM_CONVERSION = YES;
				CLANG_WARN_INFINITE_RECURSION = YES;
				CLANG_WARN_INT_CONVERSION = YES;
				CLANG_WARN_NON_LITERAL_NULL_CONVERSION = YES;
				CLANG_WARN_OBJC_IMPLICIT_RETAIN_SELF = YES;
				CLANG_WARN_OBJC_LITERAL_CONVERSION = YES;
				CLANG_WARN_OBJC_ROOT_CLASS = YES_ERROR;
				CLANG_WARN_QUOTED_INCLUDE_IN_FRAMEWORK_HEADER = YES;
				CLANG_WARN_RANGE_LOOP_ANALYSIS = YES;
				CLANG_WARN_STRICT_PROTOTYPES = YES;
				CLANG_WARN_SUSPICIOUS_MOVE = YES;
				CLANG_WARN_UNGUARDED_AVAILABILITY = YES_AGGRESSIVE;
				CLANG_WARN_UNREACHABLE_CODE = YES;
				CLANG_WARN__DUPLICATE_METHOD_MATCH = YES;
				COPY_PHASE_STRIP = NO;
				DEBUG_INFORMATION_FORMAT = dwarf;
				ENABLE_STRICT_OBJC_MSGSEND = YES;
				ENABLE_TESTABILITY = YES;
				ENABLE_USER_SCRIPT_SANDBOXING = YES;
				GCC_C_LANGUAGE_STANDARD = gnu17;
				GCC_DYNAMIC_NO_PIC = NO;
				GCC_NO_COMMON_BLOCKS = YES;
				GCC_OPTIMIZATION_LEVEL = 0;
				GCC_PREPROCESSOR_DEFINITIONS = (
					"DEBUG=1",
					"$(inherited)",
				);
				GCC_WARN_64_TO_32_BIT_CONVERSION = YES;
				GCC_WARN_ABOUT_RETURN_TYPE = YES_ERROR;
				GCC_WARN_UNDECLARED_SELECTOR = YES;
				GCC_WARN_UNINITIALIZED_AUTOS = YES_AGGRESSIVE;
				GCC_WARN_UNUSED_FUNCTION = YES;
				GCC_WARN_UNUSED_VARIABLE = YES;
				IPHONEOS_DEPLOYMENT_TARGET = 17.0;
				LOCALIZATION_PREFERS_STRING_CATALOGS = YES;
				MTL_ENABLE_DEBUG_INFO = INCLUDE_SOURCE;
				MTL_FAST_MATH = YES;
				ONLY_ACTIVE_ARCH = YES;
				SDKROOT = iphoneos;
				SWIFT_ACTIVE_COMPILATION_CONDITIONS = "DEBUG $(inherited)";
				SWIFT_OPTIMIZATION_LEVEL = "-Onone";
			};
			name = Debug;
		};
		BF3FF1712B1C74F9009D75F8 /* Release */ = {
			isa = XCBuildConfiguration;
			buildSettings = {
				ALWAYS_SEARCH_USER_PATHS = NO;
				ASSETCATALOG_COMPILER_GENERATE_SWIFT_ASSET_SYMBOL_EXTENSIONS = YES;
				CLANG_ANALYZER_NONNULL = YES;
				CLANG_ANALYZER_NUMBER_OBJECT_CONVERSION = YES_AGGRESSIVE;
				CLANG_CXX_LANGUAGE_STANDARD = "gnu++20";
				CLANG_ENABLE_MODULES = YES;
				CLANG_ENABLE_OBJC_ARC = YES;
				CLANG_ENABLE_OBJC_WEAK = YES;
				CLANG_WARN_BLOCK_CAPTURE_AUTORELEASING = YES;
				CLANG_WARN_BOOL_CONVERSION = YES;
				CLANG_WARN_COMMA = YES;
				CLANG_WARN_CONSTANT_CONVERSION = YES;
				CLANG_WARN_DEPRECATED_OBJC_IMPLEMENTATIONS = YES;
				CLANG_WARN_DIRECT_OBJC_ISA_USAGE = YES_ERROR;
				CLANG_WARN_DOCUMENTATION_COMMENTS = YES;
				CLANG_WARN_EMPTY_BODY = YES;
				CLANG_WARN_ENUM_CONVERSION = YES;
				CLANG_WARN_INFINITE_RECURSION = YES;
				CLANG_WARN_INT_CONVERSION = YES;
				CLANG_WARN_NON_LITERAL_NULL_CONVERSION = YES;
				CLANG_WARN_OBJC_IMPLICIT_RETAIN_SELF = YES;
				CLANG_WARN_OBJC_LITERAL_CONVERSION = YES;
				CLANG_WARN_OBJC_ROOT_CLASS = YES_ERROR;
				CLANG_WARN_QUOTED_INCLUDE_IN_FRAMEWORK_HEADER = YES;
				CLANG_WARN_RANGE_LOOP_ANALYSIS = YES;
				CLANG_WARN_STRICT_PROTOTYPES = YES;
				CLANG_WARN_SUSPICIOUS_MOVE = YES;
				CLANG_WARN_UNGUARDED_AVAILABILITY = YES_AGGRESSIVE;
				CLANG_WARN_UNREACHABLE_CODE = YES;
				CLANG_WARN__DUPLICATE_METHOD_MATCH = YES;
				COPY_PHASE_STRIP = NO;
				DEBUG_INFORMATION_FORMAT = "dwarf-with-dsym";
				ENABLE_NS_ASSERTIONS = NO;
				ENABLE_STRICT_OBJC_MSGSEND = YES;
				ENABLE_USER_SCRIPT_SANDBOXING = YES;
				GCC_C_LANGUAGE_STANDARD = gnu17;
				GCC_NO_COMMON_BLOCKS = YES;
				GCC_WARN_64_TO_32_BIT_CONVERSION = YES;
				GCC_WARN_ABOUT_RETURN_TYPE = YES_ERROR;
				GCC_WARN_UNDECLARED_SELECTOR = YES;
				GCC_WARN_UNINITIALIZED_AUTOS = YES_AGGRESSIVE;
				GCC_WARN_UNUSED_FUNCTION = YES;
				GCC_WARN_UNUSED_VARIABLE = YES;
				IPHONEOS_DEPLOYMENT_TARGET = 17.0;
				LOCALIZATION_PREFERS_STRING_CATALOGS = YES;
				MTL_ENABLE_DEBUG_INFO = NO;
				MTL_FAST_MATH = YES;
				SDKROOT = iphoneos;
				SWIFT_COMPILATION_MODE = wholemodule;
				VALIDATE_PRODUCT = YES;
			};
			name = Release;
		};
		BF3FF1732B1C74F9009D75F8 /* Debug */ = {
			isa = XCBuildConfiguration;
			buildSettings = {
				ASSETCATALOG_COMPILER_APPICON_NAME = AppIcon;
				ASSETCATALOG_COMPILER_GLOBAL_ACCENT_COLOR_NAME = AccentColor;
				CODE_SIGN_STYLE = Automatic;
				CURRENT_PROJECT_VERSION = 1;
				DEVELOPMENT_ASSET_PATHS = "\"undimension/Preview Content\"";
				DEVELOPMENT_TEAM = TZ2PV25ZC8;
				ENABLE_PREVIEWS = YES;
				GENERATE_INFOPLIST_FILE = YES;
				INFOPLIST_KEY_UIApplicationSceneManifest_Generation = YES;
				INFOPLIST_KEY_UIApplicationSupportsIndirectInputEvents = YES;
				INFOPLIST_KEY_UILaunchScreen_Generation = YES;
				INFOPLIST_KEY_UISupportedInterfaceOrientations_iPad = "UIInterfaceOrientationPortrait UIInterfaceOrientationPortraitUpsideDown UIInterfaceOrientationLandscapeLeft UIInterfaceOrientationLandscapeRight";
				INFOPLIST_KEY_UISupportedInterfaceOrientations_iPhone = "UIInterfaceOrientationPortrait UIInterfaceOrientationLandscapeLeft UIInterfaceOrientationLandscapeRight";
				LD_RUNPATH_SEARCH_PATHS = (
					"$(inherited)",
					"@executable_path/Frameworks",
				);
				MARKETING_VERSION = 1.0;
				PRODUCT_BUNDLE_IDENTIFIER = com.undimension.undimension;
				PRODUCT_NAME = "$(TARGET_NAME)";
				SWIFT_EMIT_LOC_STRINGS = YES;
				SWIFT_VERSION = 5.0;
				TARGETED_DEVICE_FAMILY = "1,2";
			};
			name = Debug;
		};
		BF3FF1742B1C74F9009D75F8 /* Release */ = {
			isa = XCBuildConfiguration;
			buildSettings = {
				ASSETCATALOG_COMPILER_APPICON_NAME = AppIcon;
				ASSETCATALOG_COMPILER_GLOBAL_ACCENT_COLOR_NAME = AccentColor;
				CODE_SIGN_STYLE = Automatic;
				CURRENT_PROJECT_VERSION = 1;
				DEVELOPMENT_ASSET_PATHS = "\"undimension/Preview Content\"";
				DEVELOPMENT_TEAM = TZ2PV25ZC8;
				ENABLE_PREVIEWS = YES;
				GENERATE_INFOPLIST_FILE = YES;
				INFOPLIST_KEY_UIApplicationSceneManifest_Generation = YES;
				INFOPLIST_KEY_UIApplicationSupportsIndirectInputEvents = YES;
				INFOPLIST_KEY_UILaunchScreen_Generation = YES;
				INFOPLIST_KEY_UISupportedInterfaceOrientations_iPad = "UIInterfaceOrientationPortrait UIInterfaceOrientationPortraitUpsideDown UIInterfaceOrientationLandscapeLeft UIInterfaceOrientationLandscapeRight";
				INFOPLIST_KEY_UISupportedInterfaceOrientations_iPhone = "UIInterfaceOrientationPortrait UIInterfaceOrientationLandscapeLeft UIInterfaceOrientationLandscapeRight";
				LD_RUNPATH_SEARCH_PATHS = (
					"$(inherited)",
					"@executable_path/Frameworks",
				);
				MARKETING_VERSION = 1.0;
				PRODUCT_BUNDLE_IDENTIFIER = com.undimension.undimension;
				PRODUCT_NAME = "$(TARGET_NAME)";
				SWIFT_EMIT_LOC_STRINGS = YES;
				SWIFT_VERSION = 5.0;
				TARGETED_DEVICE_FAMILY = "1,2";
			};
			name = Release;
		};
		BF3FF1762B1C74F9009D75F8 /* Debug */ = {
			isa = XCBuildConfiguration;
			buildSettings = {
				ALWAYS_EMBED_SWIFT_STANDARD_LIBRARIES = YES;
				BUNDLE_LOADER = "$(TEST_HOST)";
				CODE_SIGN_STYLE = Automatic;
				CURRENT_PROJECT_VERSION = 1;
				DEVELOPMENT_TEAM = TZ2PV25ZC8;
				GENERATE_INFOPLIST_FILE = YES;
				IPHONEOS_DEPLOYMENT_TARGET = 17.0;
				MARKETING_VERSION = 1.0;
				PRODUCT_BUNDLE_IDENTIFIER = com.undimension.undimensionTests;
				PRODUCT_NAME = "$(TARGET_NAME)";
				SWIFT_EMIT_LOC_STRINGS = NO;
				SWIFT_VERSION = 5.0;
				TARGETED_DEVICE_FAMILY = "1,2";
				TEST_HOST = "$(BUILT_PRODUCTS_DIR)/undimension.app/$(BUNDLE_EXECUTABLE_FOLDER_PATH)/undimension";
			};
			name = Debug;
		};
		BF3FF1772B1C74F9009D75F8 /* Release */ = {
			isa = XCBuildConfiguration;
			buildSettings = {
				ALWAYS_EMBED_SWIFT_STANDARD_LIBRARIES = YES;
				BUNDLE_LOADER = "$(TEST_HOST)";
				CODE_SIGN_STYLE = Automatic;
				CURRENT_PROJECT_VERSION = 1;
				DEVELOPMENT_TEAM = TZ2PV25ZC8;
				GENERATE_INFOPLIST_FILE = YES;
				IPHONEOS_DEPLOYMENT_TARGET = 17.0;
				MARKETING_VERSION = 1.0;
				PRODUCT_BUNDLE_IDENTIFIER = com.undimension.undimensionTests;
				PRODUCT_NAME = "$(TARGET_NAME)";
				SWIFT_EMIT_LOC_STRINGS = NO;
				SWIFT_VERSION = 5.0;
				TARGETED_DEVICE_FAMILY = "1,2";
				TEST_HOST = "$(BUILT_PRODUCTS_DIR)/undimension.app/$(BUNDLE_EXECUTABLE_FOLDER_PATH)/undimension";
			};
			name = Release;
		};
		BF3FF1792B1C74F9009D75F8 /* Debug */ = {
			isa = XCBuildConfiguration;
			buildSettings = {
				ALWAYS_EMBED_SWIFT_STANDARD_LIBRARIES = YES;
				CODE_SIGN_STYLE = Automatic;
				CURRENT_PROJECT_VERSION = 1;
				DEVELOPMENT_TEAM = TZ2PV25ZC8;
				GENERATE_INFOPLIST_FILE = YES;
				MARKETING_VERSION = 1.0;
				PRODUCT_BUNDLE_IDENTIFIER = com.undimension.undimensionUITests;
				PRODUCT_NAME = "$(TARGET_NAME)";
				SWIFT_EMIT_LOC_STRINGS = NO;
				SWIFT_VERSION = 5.0;
				TARGETED_DEVICE_FAMILY = "1,2";
				TEST_TARGET_NAME = undimension;
			};
			name = Debug;
		};
		BF3FF17A2B1C74F9009D75F8 /* Release */ = {
			isa = XCBuildConfiguration;
			buildSettings = {
				ALWAYS_EMBED_SWIFT_STANDARD_LIBRARIES = YES;
				CODE_SIGN_STYLE = Automatic;
				CURRENT_PROJECT_VERSION = 1;
				DEVELOPMENT_TEAM = TZ2PV25ZC8;
				GENERATE_INFOPLIST_FILE = YES;
				MARKETING_VERSION = 1.0;
				PRODUCT_BUNDLE_IDENTIFIER = com.undimension.undimensionUITests;
				PRODUCT_NAME = "$(TARGET_NAME)";
				SWIFT_EMIT_LOC_STRINGS = NO;
				SWIFT_VERSION = 5.0;
				TARGETED_DEVICE_FAMILY = "1,2";
				TEST_TARGET_NAME = undimension;
			};
			name = Release;
		};
/* End XCBuildConfiguration section */

/* Begin XCConfigurationList section */
		BF3FF1492B1C74F7009D75F8 /* Build configuration list for PBXProject "undimension" */ = {
			isa = XCConfigurationList;
			buildConfigurations = (
				BF3FF1702B1C74F9009D75F8 /* Debug */,
				BF3FF1712B1C74F9009D75F8 /* Release */,
			);
			defaultConfigurationIsVisible = 0;
			defaultConfigurationName = Release;
		};
		BF3FF1722B1C74F9009D75F8 /* Build configuration list for PBXNativeTarget "undimension" */ = {
			isa = XCConfigurationList;
			buildConfigurations = (
				BF3FF1732B1C74F9009D75F8 /* Debug */,
				BF3FF1742B1C74F9009D75F8 /* Release */,
			);
			defaultConfigurationIsVisible = 0;
			defaultConfigurationName = Release;
		};
		BF3FF1752B1C74F9009D75F8 /* Build configuration list for PBXNativeTarget "undimensionTests" */ = {
			isa = XCConfigurationList;
			buildConfigurations = (
				BF3FF1762B1C74F9009D75F8 /* Debug */,
				BF3FF1772B1C74F9009D75F8 /* Release */,
			);
			defaultConfigurationIsVisible = 0;
			defaultConfigurationName = Release;
		};
		BF3FF1782B1C74F9009D75F8 /* Build configuration list for PBXNativeTarget "undimensionUITests" */ = {
			isa = XCConfigurationList;
			buildConfigurations = (
				BF3FF1792B1C74F9009D75F8 /* Debug */,
				BF3FF17A2B1C74F9009D75F8 /* Release */,
			);
			defaultConfigurationIsVisible = 0;
			defaultConfigurationName = Release;
		};
/* End XCConfigurationList section */
	};
	rootObject = BF3FF1462B1C74F7009D75F8 /* Project object */;
}
